
Microsoft Visual Studio Solution File, Format Version 12.00
# Visual Studio 15
VisualStudioVersion = 15.0.27004.2009
MinimumVisualStudioVersion = 10.0.40219.1
Project("{FAE04EC0-301F-11D3-BF4B-00C04F79EFBC}") = "b10302068_b10302066_B10302060", "b10302068_b10302066_B10302060\b10302068_b10302066_B10302060.csproj", "{E130BEA8-68F1-45C9-9FB1-06D6F7A36B59}"
EndProject
Global
	GlobalSection(SolutionConfigurationPlatforms) = preSolution
		Debug|Any CPU = Debug|Any CPU
		Release|Any CPU = Release|Any CPU
	EndGlobalSection
	GlobalSection(ProjectConfigurationPlatforms) = postSolution
		{E130BEA8-68F1-45C9-9FB1-06D6F7A36B59}.Debug|Any CPU.ActiveCfg = Debug|Any CPU
		{E130BEA8-68F1-45C9-9FB1-06D6F7A36B59}.Debug|Any CPU.Build.0 = Debug|Any CPU
		{E130BEA8-68F1-45C9-9FB1-06D6F7A36B59}.Release|Any CPU.ActiveCfg = Release|Any CPU
		{E130BEA8-68F1-45C9-9FB1-06D6F7A36B59}.Release|Any CPU.Build.0 = Release|Any CPU
	EndGlobalSection
	GlobalSection(SolutionProperties) = preSolution
		HideSolutionNode = FALSE
	EndGlobalSection
	GlobalSection(ExtensibilityGlobals) = postSolution
		SolutionGuid = {C9CC0DA8-F7B8-4582-8A4D-5C71FBBD99D5}
	EndGlobalSection
EndGlobal
